// !$*UTF8*$!
{
	archiveVersion = 1;
	classes = {
	};
	objectVersion = 46;
	objects = {

/* Begin PBXAggregateTarget section */
		1E551F461799509100A4135C /* all */ = {
			isa = PBXAggregateTarget;
			buildConfigurationList = 1E551F471799509100A4135C /* Build configuration list for PBXAggregateTarget "all" */;
			buildPhases = (
			);
			dependencies = (
				1E92F5661A1FA91700AD0267 /* PBXTargetDependency */,
			);
			name = all;
			productName = all;
		};
		1E92F5671A1FA95F00AD0267 /* all (no multibundle) */ = {
			isa = PBXAggregateTarget;
			buildConfigurationList = 1E92F56A1A1FA95F00AD0267 /* Build configuration list for PBXAggregateTarget "all (no multibundle)" */;
			buildPhases = (
			);
			dependencies = (
				1E92F56E1A1FA97D00AD0267 /* PBXTargetDependency */,
			);
			name = "all (no multibundle)";
			productName = all;
		};
/* End PBXAggregateTarget section */

/* Begin PBXBuildFile section */
		1E92F54A1A1FA59900AD0267 /* VectorGenerator.cpp in Sources */ = {isa = PBXBuildFile; fileRef = ACC122BA1A1D028D00EB64B9 /* VectorGenerator.cpp */; };
		1E92F54B1A1FA59900AD0267 /* GenericOpenCVPlugin.cpp in Sources */ = {isa = PBXBuildFile; fileRef = ACADEB601A1D0050002031F2 /* GenericOpenCVPlugin.cpp */; };
		1E92F54C1A1FA59900AD0267 /* ofxsLut.cpp in Sources */ = {isa = PBXBuildFile; fileRef = ACAD40351A1E3D57002EB36F /* ofxsLut.cpp */; };
		1E92F54D1A1FA59900AD0267 /* ofxsLog.cpp in Sources */ = {isa = PBXBuildFile; fileRef = ACADEB591A1D0045002031F2 /* ofxsLog.cpp */; };
		1E92F54E1A1FA59900AD0267 /* ofxsImageEffect.cpp in Sources */ = {isa = PBXBuildFile; fileRef = ACADEB571A1D0045002031F2 /* ofxsImageEffect.cpp */; };
		1E92F54F1A1FA59900AD0267 /* ofxsProperty.cpp in Sources */ = {isa = PBXBuildFile; fileRef = ACADEB5C1A1D0045002031F2 /* ofxsProperty.cpp */; };
		1E92F5501A1FA59900AD0267 /* ofxsMultiThread.cpp in Sources */ = {isa = PBXBuildFile; fileRef = ACADEB5A1A1D0045002031F2 /* ofxsMultiThread.cpp */; };
		1E92F5511A1FA59900AD0267 /* ofxsPropertyValidation.cpp in Sources */ = {isa = PBXBuildFile; fileRef = ACADEB5D1A1D0045002031F2 /* ofxsPropertyValidation.cpp */; };
		1E92F5521A1FA59900AD0267 /* ofxsParams.cpp in Sources */ = {isa = PBXBuildFile; fileRef = ACADEB5B1A1D0045002031F2 /* ofxsParams.cpp */; };
		1E92F5531A1FA59900AD0267 /* ofxsSupportPrivate.h in Sources */ = {isa = PBXBuildFile; fileRef = ACADEB5E1A1D0045002031F2 /* ofxsSupportPrivate.h */; };
		1E92F5551A1FA59900AD0267 /* ofxsInteract.cpp in Sources */ = {isa = PBXBuildFile; fileRef = ACADEB581A1D0045002031F2 /* ofxsInteract.cpp */; };
		1E92F5561A1FA59900AD0267 /* ofxsCore.cpp in Sources */ = {isa = PBXBuildFile; fileRef = ACADEB561A1D0045002031F2 /* ofxsCore.cpp */; };
		1E92F5581A1FA59900AD0267 /* OpenGL.framework in Frameworks */ = {isa = PBXBuildFile; fileRef = 1E551F5A179950EC00A4135C /* OpenGL.framework */; };
		1E92F5591A1FA59900AD0267 /* libopencv_core.dylib in Frameworks */ = {isa = PBXBuildFile; fileRef = 1E46935917C746E20073A6EF /* libopencv_core.dylib */; };
		1E92F55A1A1FA59900AD0267 /* libopencv_imgproc.dylib in Frameworks */ = {isa = PBXBuildFile; fileRef = 1E46935F17C7478C0073A6EF /* libopencv_imgproc.dylib */; };
		1E92F55B1A1FA59900AD0267 /* libopencv_video.dylib in Frameworks */ = {isa = PBXBuildFile; fileRef = AC32DB261A1F427800918802 /* libopencv_video.dylib */; };
		1E92F55C1A1FA59900AD0267 /* libopencv_legacy.dylib in Frameworks */ = {isa = PBXBuildFile; fileRef = 1E46935C17C7471D0073A6EF /* libopencv_legacy.dylib */; };
		1E92F5621A1FA8B600AD0267 /* PluginRegistrationCombined.cpp in Sources */ = {isa = PBXBuildFile; fileRef = ACAD404B1A1E5885002EB36F /* PluginRegistrationCombined.cpp */; };
		AC32DB251A1F41A900918802 /* libopencv_imgproc.dylib in Frameworks */ = {isa = PBXBuildFile; fileRef = 1E46935F17C7478C0073A6EF /* libopencv_imgproc.dylib */; };
		AC32DB271A1F427800918802 /* libopencv_video.dylib in Frameworks */ = {isa = PBXBuildFile; fileRef = AC32DB261A1F427800918802 /* libopencv_video.dylib */; };
		ACAD40371A1E3D63002EB36F /* ofxsLut.cpp in Sources */ = {isa = PBXBuildFile; fileRef = ACAD40351A1E3D57002EB36F /* ofxsLut.cpp */; };
		ACAD404A1A1E583E002EB36F /* ofxsSupportPrivate.h in Sources */ = {isa = PBXBuildFile; fileRef = ACADEB5E1A1D0045002031F2 /* ofxsSupportPrivate.h */; };
		ACAD404E1A1E58FD002EB36F /* PluginRegistration.cpp in Sources */ = {isa = PBXBuildFile; fileRef = ACAD404C1A1E58C8002EB36F /* PluginRegistration.cpp */; };
		ACC122C11A1D02E700EB64B9 /* OpenGL.framework in Frameworks */ = {isa = PBXBuildFile; fileRef = 1E551F5A179950EC00A4135C /* OpenGL.framework */; };
		ACC122C21A1D02E700EB64B9 /* libopencv_core.dylib in Frameworks */ = {isa = PBXBuildFile; fileRef = 1E46935917C746E20073A6EF /* libopencv_core.dylib */; };
		ACC122C31A1D02E700EB64B9 /* libopencv_legacy.dylib in Frameworks */ = {isa = PBXBuildFile; fileRef = 1E46935C17C7471D0073A6EF /* libopencv_legacy.dylib */; };
		ACC122CA1A1D02FD00EB64B9 /* VectorGenerator.cpp in Sources */ = {isa = PBXBuildFile; fileRef = ACC122BA1A1D028D00EB64B9 /* VectorGenerator.cpp */; };
		ACC122CB1A1D030400EB64B9 /* GenericOpenCVPlugin.cpp in Sources */ = {isa = PBXBuildFile; fileRef = ACADEB601A1D0050002031F2 /* GenericOpenCVPlugin.cpp */; };
		ACC122CC1A1D030900EB64B9 /* ofxsCore.cpp in Sources */ = {isa = PBXBuildFile; fileRef = ACADEB561A1D0045002031F2 /* ofxsCore.cpp */; };
		ACC122CD1A1D030B00EB64B9 /* ofxsImageEffect.cpp in Sources */ = {isa = PBXBuildFile; fileRef = ACADEB571A1D0045002031F2 /* ofxsImageEffect.cpp */; };
		ACC122CE1A1D030D00EB64B9 /* ofxsInteract.cpp in Sources */ = {isa = PBXBuildFile; fileRef = ACADEB581A1D0045002031F2 /* ofxsInteract.cpp */; };
		ACC122CF1A1D030F00EB64B9 /* ofxsLog.cpp in Sources */ = {isa = PBXBuildFile; fileRef = ACADEB591A1D0045002031F2 /* ofxsLog.cpp */; };
		ACC122D01A1D031400EB64B9 /* ofxsMultiThread.cpp in Sources */ = {isa = PBXBuildFile; fileRef = ACADEB5A1A1D0045002031F2 /* ofxsMultiThread.cpp */; };
		ACC122D11A1D031500EB64B9 /* ofxsParams.cpp in Sources */ = {isa = PBXBuildFile; fileRef = ACADEB5B1A1D0045002031F2 /* ofxsParams.cpp */; };
		ACC122D21A1D031700EB64B9 /* ofxsProperty.cpp in Sources */ = {isa = PBXBuildFile; fileRef = ACADEB5C1A1D0045002031F2 /* ofxsProperty.cpp */; };
		ACC122D31A1D031800EB64B9 /* ofxsPropertyValidation.cpp in Sources */ = {isa = PBXBuildFile; fileRef = ACADEB5D1A1D0045002031F2 /* ofxsPropertyValidation.cpp */; };
/* End PBXBuildFile section */

/* Begin PBXContainerItemProxy section */
		1E92F5651A1FA91700AD0267 /* PBXContainerItemProxy */ = {
			isa = PBXContainerItemProxy;
			containerPortal = 1E551EB917994D4000A4135C /* Project object */;
			proxyType = 1;
			remoteGlobalIDString = 1E92F5481A1FA59900AD0267;
			remoteInfo = OpenCV.ofx;
		};
		1E92F56D1A1FA97D00AD0267 /* PBXContainerItemProxy */ = {
			isa = PBXContainerItemProxy;
			containerPortal = 1E551EB917994D4000A4135C /* Project object */;
			proxyType = 1;
			remoteGlobalIDString = ACC122BC1A1D02E700EB64B9;
			remoteInfo = VectorGenerator.ofx;
		};
/* End PBXContainerItemProxy section */

/* Begin PBXFileReference section */
		1E46935917C746E20073A6EF /* libopencv_core.dylib */ = {isa = PBXFileReference; lastKnownFileType = "compiled.mach-o.dylib"; name = libopencv_core.dylib; path = lib/libopencv_core.dylib; sourceTree = OPENCV_PATH; };
		1E46935C17C7471D0073A6EF /* libopencv_legacy.dylib */ = {isa = PBXFileReference; lastKnownFileType = "compiled.mach-o.dylib"; name = libopencv_legacy.dylib; path = lib/libopencv_legacy.dylib; sourceTree = OPENCV_PATH; };
		1E46935F17C7478C0073A6EF /* libopencv_imgproc.dylib */ = {isa = PBXFileReference; lastKnownFileType = "compiled.mach-o.dylib"; name = libopencv_imgproc.dylib; path = lib/libopencv_imgproc.dylib; sourceTree = OPENCV_PATH; };
		1E46936317C747E80073A6EF /* libopencv_photo.dylib */ = {isa = PBXFileReference; lastKnownFileType = "compiled.mach-o.dylib"; name = libopencv_photo.dylib; path = lib/libopencv_photo.dylib; sourceTree = OPENCV_PATH; };
		1E551F5A179950EC00A4135C /* OpenGL.framework */ = {isa = PBXFileReference; lastKnownFileType = wrapper.framework; name = OpenGL.framework; path = System/Library/Frameworks/OpenGL.framework; sourceTree = SDKROOT; };
		1E92F5611A1FA59900AD0267 /* OpenCV.ofx.bundle */ = {isa = PBXFileReference; explicitFileType = wrapper.cfbundle; includeInIndex = 0; path = OpenCV.ofx.bundle; sourceTree = BUILT_PRODUCTS_DIR; };
		AC32DB231A1F419000918802 /* libopencv_objdetect.dylib */ = {isa = PBXFileReference; lastKnownFileType = "compiled.mach-o.dylib"; name = libopencv_objdetect.dylib; path = lib/libopencv_objdetect.dylib; sourceTree = OPENCV_PATH; };
		AC32DB261A1F427800918802 /* libopencv_video.dylib */ = {isa = PBXFileReference; lastKnownFileType = "compiled.mach-o.dylib"; name = libopencv_video.dylib; path = lib/libopencv_video.dylib; sourceTree = OPENCV_PATH; };
		ACAD40351A1E3D57002EB36F /* ofxsLut.cpp */ = {isa = PBXFileReference; fileEncoding = 4; lastKnownFileType = sourcecode.cpp.cpp; path = ofxsLut.cpp; sourceTree = "<group>"; };
		ACAD40361A1E3D57002EB36F /* ofxsLut.h */ = {isa = PBXFileReference; fileEncoding = 4; lastKnownFileType = sourcecode.c.h; path = ofxsLut.h; sourceTree = "<group>"; };
		ACAD404B1A1E5885002EB36F /* PluginRegistrationCombined.cpp */ = {isa = PBXFileReference; fileEncoding = 4; lastKnownFileType = sourcecode.cpp.cpp; path = PluginRegistrationCombined.cpp; sourceTree = "<group>"; };
		ACAD404C1A1E58C8002EB36F /* PluginRegistration.cpp */ = {isa = PBXFileReference; fileEncoding = 4; lastKnownFileType = sourcecode.cpp.cpp; path = PluginRegistration.cpp; sourceTree = "<group>"; };
		ACADEB381A1D0020002031F2 /* camera.h */ = {isa = PBXFileReference; fileEncoding = 4; lastKnownFileType = sourcecode.c.h; path = camera.h; sourceTree = "<group>"; };
		ACADEB391A1D0020002031F2 /* fnOfxExtensions.h */ = {isa = PBXFileReference; fileEncoding = 4; lastKnownFileType = sourcecode.c.h; path = fnOfxExtensions.h; sourceTree = "<group>"; };
		ACADEB3A1A1D0020002031F2 /* fnPublicOfxExtensions.h */ = {isa = PBXFileReference; fileEncoding = 4; lastKnownFileType = sourcecode.c.h; path = fnPublicOfxExtensions.h; sourceTree = "<group>"; };
		ACADEB3B1A1D0020002031F2 /* ofxCore.h */ = {isa = PBXFileReference; fileEncoding = 4; lastKnownFileType = sourcecode.c.h; name = ofxCore.h; path = openfx/include/ofxCore.h; sourceTree = SOURCE_ROOT; };
		ACADEB3C1A1D0020002031F2 /* ofxDialog.h */ = {isa = PBXFileReference; fileEncoding = 4; lastKnownFileType = sourcecode.c.h; name = ofxDialog.h; path = openfx/include/ofxDialog.h; sourceTree = SOURCE_ROOT; };
		ACADEB3D1A1D0020002031F2 /* ofxImageEffect.h */ = {isa = PBXFileReference; fileEncoding = 4; lastKnownFileType = sourcecode.c.h; name = ofxImageEffect.h; path = openfx/include/ofxImageEffect.h; sourceTree = SOURCE_ROOT; };
		ACADEB3E1A1D0020002031F2 /* ofxInteract.h */ = {isa = PBXFileReference; fileEncoding = 4; lastKnownFileType = sourcecode.c.h; name = ofxInteract.h; path = openfx/include/ofxInteract.h; sourceTree = SOURCE_ROOT; };
		ACADEB3F1A1D0020002031F2 /* ofxKeySyms.h */ = {isa = PBXFileReference; fileEncoding = 4; lastKnownFileType = sourcecode.c.h; name = ofxKeySyms.h; path = openfx/include/ofxKeySyms.h; sourceTree = SOURCE_ROOT; };
		ACADEB401A1D0020002031F2 /* ofxMemory.h */ = {isa = PBXFileReference; fileEncoding = 4; lastKnownFileType = sourcecode.c.h; name = ofxMemory.h; path = openfx/include/ofxMemory.h; sourceTree = SOURCE_ROOT; };
		ACADEB411A1D0020002031F2 /* ofxMessage.h */ = {isa = PBXFileReference; fileEncoding = 4; lastKnownFileType = sourcecode.c.h; name = ofxMessage.h; path = openfx/include/ofxMessage.h; sourceTree = SOURCE_ROOT; };
		ACADEB421A1D0020002031F2 /* ofxMultiThread.h */ = {isa = PBXFileReference; fileEncoding = 4; lastKnownFileType = sourcecode.c.h; name = ofxMultiThread.h; path = openfx/include/ofxMultiThread.h; sourceTree = SOURCE_ROOT; };
		ACADEB431A1D0020002031F2 /* ofxNatron.h */ = {isa = PBXFileReference; fileEncoding = 4; lastKnownFileType = sourcecode.c.h; name = ofxNatron.h; path = openfx/include/ofxNatron.h; sourceTree = SOURCE_ROOT; };
		ACADEB441A1D0020002031F2 /* ofxOpenGLRender.h */ = {isa = PBXFileReference; fileEncoding = 4; lastKnownFileType = sourcecode.c.h; name = ofxOpenGLRender.h; path = openfx/include/ofxOpenGLRender.h; sourceTree = SOURCE_ROOT; };
		ACADEB451A1D0020002031F2 /* ofxParam.h */ = {isa = PBXFileReference; fileEncoding = 4; lastKnownFileType = sourcecode.c.h; name = ofxParam.h; path = openfx/include/ofxParam.h; sourceTree = SOURCE_ROOT; };
		ACADEB461A1D0020002031F2 /* ofxParametricParam.h */ = {isa = PBXFileReference; fileEncoding = 4; lastKnownFileType = sourcecode.c.h; name = ofxParametricParam.h; path = openfx/include/ofxParametricParam.h; sourceTree = SOURCE_ROOT; };
		ACADEB471A1D0020002031F2 /* ofxPixels.h */ = {isa = PBXFileReference; fileEncoding = 4; lastKnownFileType = sourcecode.c.h; name = ofxPixels.h; path = openfx/include/ofxPixels.h; sourceTree = SOURCE_ROOT; };
		ACADEB481A1D0020002031F2 /* ofxProgress.h */ = {isa = PBXFileReference; fileEncoding = 4; lastKnownFileType = sourcecode.c.h; name = ofxProgress.h; path = openfx/include/ofxProgress.h; sourceTree = SOURCE_ROOT; };
		ACADEB491A1D0020002031F2 /* ofxProperty.h */ = {isa = PBXFileReference; fileEncoding = 4; lastKnownFileType = sourcecode.c.h; name = ofxProperty.h; path = openfx/include/ofxProperty.h; sourceTree = SOURCE_ROOT; };
		ACADEB4A1A1D0020002031F2 /* ofxSonyVegas.h */ = {isa = PBXFileReference; fileEncoding = 4; lastKnownFileType = sourcecode.c.h; name = ofxSonyVegas.h; path = openfx/include/ofxSonyVegas.h; sourceTree = SOURCE_ROOT; };
		ACADEB4B1A1D0020002031F2 /* ofxTimeLine.h */ = {isa = PBXFileReference; fileEncoding = 4; lastKnownFileType = sourcecode.c.h; name = ofxTimeLine.h; path = openfx/include/ofxTimeLine.h; sourceTree = SOURCE_ROOT; };
		ACADEB4D1A1D0020002031F2 /* ofxReadWrite.h */ = {isa = PBXFileReference; fileEncoding = 4; lastKnownFileType = sourcecode.c.h; path = ofxReadWrite.h; sourceTree = "<group>"; };
		ACADEB4E1A1D0034002031F2 /* ofxsCore.h */ = {isa = PBXFileReference; fileEncoding = 4; lastKnownFileType = sourcecode.c.h; name = ofxsCore.h; path = ../Support/include/ofxsCore.h; sourceTree = "<group>"; };
		ACADEB4F1A1D0034002031F2 /* ofxsImageEffect.h */ = {isa = PBXFileReference; fileEncoding = 4; lastKnownFileType = sourcecode.c.h; name = ofxsImageEffect.h; path = ../Support/include/ofxsImageEffect.h; sourceTree = "<group>"; };
		ACADEB501A1D0034002031F2 /* ofxsInteract.h */ = {isa = PBXFileReference; fileEncoding = 4; lastKnownFileType = sourcecode.c.h; name = ofxsInteract.h; path = ../Support/include/ofxsInteract.h; sourceTree = "<group>"; };
		ACADEB511A1D0034002031F2 /* ofxsLog.h */ = {isa = PBXFileReference; fileEncoding = 4; lastKnownFileType = sourcecode.c.h; name = ofxsLog.h; path = ../Support/include/ofxsLog.h; sourceTree = "<group>"; };
		ACADEB521A1D0034002031F2 /* ofxsMemory.h */ = {isa = PBXFileReference; fileEncoding = 4; lastKnownFileType = sourcecode.c.h; name = ofxsMemory.h; path = ../Support/include/ofxsMemory.h; sourceTree = "<group>"; };
		ACADEB531A1D0034002031F2 /* ofxsMessage.h */ = {isa = PBXFileReference; fileEncoding = 4; lastKnownFileType = sourcecode.c.h; name = ofxsMessage.h; path = ../Support/include/ofxsMessage.h; sourceTree = "<group>"; };
		ACADEB541A1D0034002031F2 /* ofxsMultiThread.h */ = {isa = PBXFileReference; fileEncoding = 4; lastKnownFileType = sourcecode.c.h; name = ofxsMultiThread.h; path = ../Support/include/ofxsMultiThread.h; sourceTree = "<group>"; };
		ACADEB551A1D0034002031F2 /* ofxsParam.h */ = {isa = PBXFileReference; fileEncoding = 4; lastKnownFileType = sourcecode.c.h; name = ofxsParam.h; path = ../Support/include/ofxsParam.h; sourceTree = "<group>"; };
		ACADEB561A1D0045002031F2 /* ofxsCore.cpp */ = {isa = PBXFileReference; fileEncoding = 4; lastKnownFileType = sourcecode.cpp.cpp; name = ofxsCore.cpp; path = openfx/Support/Library/ofxsCore.cpp; sourceTree = "<group>"; };
		ACADEB571A1D0045002031F2 /* ofxsImageEffect.cpp */ = {isa = PBXFileReference; fileEncoding = 4; lastKnownFileType = sourcecode.cpp.cpp; name = ofxsImageEffect.cpp; path = openfx/Support/Library/ofxsImageEffect.cpp; sourceTree = "<group>"; };
		ACADEB581A1D0045002031F2 /* ofxsInteract.cpp */ = {isa = PBXFileReference; fileEncoding = 4; lastKnownFileType = sourcecode.cpp.cpp; name = ofxsInteract.cpp; path = openfx/Support/Library/ofxsInteract.cpp; sourceTree = "<group>"; };
		ACADEB591A1D0045002031F2 /* ofxsLog.cpp */ = {isa = PBXFileReference; fileEncoding = 4; lastKnownFileType = sourcecode.cpp.cpp; name = ofxsLog.cpp; path = openfx/Support/Library/ofxsLog.cpp; sourceTree = "<group>"; };
		ACADEB5A1A1D0045002031F2 /* ofxsMultiThread.cpp */ = {isa = PBXFileReference; fileEncoding = 4; lastKnownFileType = sourcecode.cpp.cpp; name = ofxsMultiThread.cpp; path = openfx/Support/Library/ofxsMultiThread.cpp; sourceTree = "<group>"; };
		ACADEB5B1A1D0045002031F2 /* ofxsParams.cpp */ = {isa = PBXFileReference; fileEncoding = 4; lastKnownFileType = sourcecode.cpp.cpp; name = ofxsParams.cpp; path = openfx/Support/Library/ofxsParams.cpp; sourceTree = "<group>"; };
		ACADEB5C1A1D0045002031F2 /* ofxsProperty.cpp */ = {isa = PBXFileReference; fileEncoding = 4; lastKnownFileType = sourcecode.cpp.cpp; name = ofxsProperty.cpp; path = openfx/Support/Library/ofxsProperty.cpp; sourceTree = "<group>"; };
		ACADEB5D1A1D0045002031F2 /* ofxsPropertyValidation.cpp */ = {isa = PBXFileReference; fileEncoding = 4; lastKnownFileType = sourcecode.cpp.cpp; name = ofxsPropertyValidation.cpp; path = openfx/Support/Library/ofxsPropertyValidation.cpp; sourceTree = "<group>"; };
		ACADEB5E1A1D0045002031F2 /* ofxsSupportPrivate.h */ = {isa = PBXFileReference; fileEncoding = 4; lastKnownFileType = sourcecode.c.h; name = ofxsSupportPrivate.h; path = openfx/Support/Library/ofxsSupportPrivate.h; sourceTree = "<group>"; };
		ACADEB601A1D0050002031F2 /* GenericOpenCVPlugin.cpp */ = {isa = PBXFileReference; fileEncoding = 4; lastKnownFileType = sourcecode.cpp.cpp; path = GenericOpenCVPlugin.cpp; sourceTree = "<group>"; };
		ACADEB611A1D0050002031F2 /* GenericOpenCVPlugin.h */ = {isa = PBXFileReference; fileEncoding = 4; lastKnownFileType = sourcecode.c.h; path = GenericOpenCVPlugin.h; sourceTree = "<group>"; };
		ACC122B81A1D028D00EB64B9 /* Info.plist */ = {isa = PBXFileReference; fileEncoding = 4; lastKnownFileType = text.plist.xml; path = Info.plist; sourceTree = "<group>"; };
		ACC122B91A1D028D00EB64B9 /* Makefile */ = {isa = PBXFileReference; fileEncoding = 4; lastKnownFileType = sourcecode.make; path = Makefile; sourceTree = "<group>"; };
		ACC122BA1A1D028D00EB64B9 /* VectorGenerator.cpp */ = {isa = PBXFileReference; fileEncoding = 4; lastKnownFileType = sourcecode.cpp.cpp; path = VectorGenerator.cpp; sourceTree = "<group>"; };
		ACC122BB1A1D028D00EB64B9 /* VectorGenerator.h */ = {isa = PBXFileReference; fileEncoding = 4; lastKnownFileType = sourcecode.c.h; path = VectorGenerator.h; sourceTree = "<group>"; };
		ACC122C91A1D02E700EB64B9 /* VectorGenerator.ofx.bundle */ = {isa = PBXFileReference; explicitFileType = wrapper.cfbundle; includeInIndex = 0; path = VectorGenerator.ofx.bundle; sourceTree = BUILT_PRODUCTS_DIR; };
		ACC122D61A1D044900EB64B9 /* ofxsCopier.h */ = {isa = PBXFileReference; fileEncoding = 4; lastKnownFileType = sourcecode.c.h; path = ofxsCopier.h; sourceTree = "<group>"; };
		ACC122D71A1D044900EB64B9 /* ofxsFilter.h */ = {isa = PBXFileReference; fileEncoding = 4; lastKnownFileType = sourcecode.c.h; path = ofxsFilter.h; sourceTree = "<group>"; };
		ACC122D81A1D044900EB64B9 /* ofxsFormatResolution.h */ = {isa = PBXFileReference; fileEncoding = 4; lastKnownFileType = sourcecode.c.h; path = ofxsFormatResolution.h; sourceTree = "<group>"; };
		ACC122D91A1D044900EB64B9 /* ofxsGenerator.h */ = {isa = PBXFileReference; fileEncoding = 4; lastKnownFileType = sourcecode.c.h; path = ofxsGenerator.h; sourceTree = "<group>"; };
		ACC122DA1A1D044900EB64B9 /* ofxsImageBlenderMasked.h */ = {isa = PBXFileReference; fileEncoding = 4; lastKnownFileType = sourcecode.c.h; path = ofxsImageBlenderMasked.h; sourceTree = "<group>"; };
		ACC122DB1A1D044900EB64B9 /* ofxsMacros.h */ = {isa = PBXFileReference; fileEncoding = 4; lastKnownFileType = sourcecode.c.h; path = ofxsMacros.h; sourceTree = "<group>"; };
		ACC122DC1A1D044900EB64B9 /* ofxsMaskMix.h */ = {isa = PBXFileReference; fileEncoding = 4; lastKnownFileType = sourcecode.c.h; path = ofxsMaskMix.h; sourceTree = "<group>"; };
		ACC122DD1A1D044900EB64B9 /* ofxsMatrix2D.h */ = {isa = PBXFileReference; fileEncoding = 4; lastKnownFileType = sourcecode.c.h; path = ofxsMatrix2D.h; sourceTree = "<group>"; };
		ACC122DE1A1D044900EB64B9 /* ofxsMerging.h */ = {isa = PBXFileReference; fileEncoding = 4; lastKnownFileType = sourcecode.c.h; path = ofxsMerging.h; sourceTree = "<group>"; };
		ACC122DF1A1D044900EB64B9 /* ofxsMipmap.cpp */ = {isa = PBXFileReference; fileEncoding = 4; lastKnownFileType = sourcecode.cpp.cpp; path = ofxsMipmap.cpp; sourceTree = "<group>"; };
		ACC122E01A1D044900EB64B9 /* ofxsMipmap.h */ = {isa = PBXFileReference; fileEncoding = 4; lastKnownFileType = sourcecode.c.h; path = ofxsMipmap.h; sourceTree = "<group>"; };
		ACC122E11A1D044900EB64B9 /* ofxsOGLFontData.cpp */ = {isa = PBXFileReference; fileEncoding = 4; lastKnownFileType = sourcecode.cpp.cpp; path = ofxsOGLFontData.cpp; sourceTree = "<group>"; };
		ACC122E21A1D044900EB64B9 /* ofxsOGLFontUtils.h */ = {isa = PBXFileReference; fileEncoding = 4; lastKnownFileType = sourcecode.c.h; path = ofxsOGLFontUtils.h; sourceTree = "<group>"; };
		ACC122E31A1D044900EB64B9 /* ofxsOGLTextRenderer.cpp */ = {isa = PBXFileReference; fileEncoding = 4; lastKnownFileType = sourcecode.cpp.cpp; path = ofxsOGLTextRenderer.cpp; sourceTree = "<group>"; };
		ACC122E41A1D044900EB64B9 /* ofxsOGLTextRenderer.h */ = {isa = PBXFileReference; fileEncoding = 4; lastKnownFileType = sourcecode.c.h; path = ofxsOGLTextRenderer.h; sourceTree = "<group>"; };
		ACC122E51A1D044900EB64B9 /* ofxsPixelProcessor.h */ = {isa = PBXFileReference; fileEncoding = 4; lastKnownFileType = sourcecode.c.h; path = ofxsPixelProcessor.h; sourceTree = "<group>"; };
		ACC122E61A1D044900EB64B9 /* ofxsPositionInteract.h */ = {isa = PBXFileReference; fileEncoding = 4; lastKnownFileType = sourcecode.c.h; path = ofxsPositionInteract.h; sourceTree = "<group>"; };
		ACC122E71A1D044900EB64B9 /* ofxsRectangleInteract.cpp */ = {isa = PBXFileReference; fileEncoding = 4; lastKnownFileType = sourcecode.cpp.cpp; path = ofxsRectangleInteract.cpp; sourceTree = "<group>"; };
		ACC122E81A1D044900EB64B9 /* ofxsRectangleInteract.h */ = {isa = PBXFileReference; fileEncoding = 4; lastKnownFileType = sourcecode.c.h; path = ofxsRectangleInteract.h; sourceTree = "<group>"; };
		ACC122E91A1D044900EB64B9 /* ofxsTracking.cpp */ = {isa = PBXFileReference; fileEncoding = 4; lastKnownFileType = sourcecode.cpp.cpp; path = ofxsTracking.cpp; sourceTree = "<group>"; };
		ACC122EA1A1D044900EB64B9 /* ofxsTracking.h */ = {isa = PBXFileReference; fileEncoding = 4; lastKnownFileType = sourcecode.c.h; path = ofxsTracking.h; sourceTree = "<group>"; };
		ACC122EB1A1D044900EB64B9 /* ofxsTransform3x3.cpp */ = {isa = PBXFileReference; fileEncoding = 4; lastKnownFileType = sourcecode.cpp.cpp; path = ofxsTransform3x3.cpp; sourceTree = "<group>"; };
		ACC122EC1A1D044900EB64B9 /* ofxsTransform3x3.h */ = {isa = PBXFileReference; fileEncoding = 4; lastKnownFileType = sourcecode.c.h; path = ofxsTransform3x3.h; sourceTree = "<group>"; };
		ACC122ED1A1D044900EB64B9 /* ofxsTransform3x3Processor.h */ = {isa = PBXFileReference; fileEncoding = 4; lastKnownFileType = sourcecode.c.h; path = ofxsTransform3x3Processor.h; sourceTree = "<group>"; };
		ACC122EE1A1D044900EB64B9 /* README.md */ = {isa = PBXFileReference; fileEncoding = 4; lastKnownFileType = net.daringfireball.markdown; path = README.md; sourceTree = "<group>"; };
/* End PBXFileReference section */

/* Begin PBXFrameworksBuildPhase section */
		1E92F5571A1FA59900AD0267 /* Frameworks */ = {
			isa = PBXFrameworksBuildPhase;
			buildActionMask = 2147483647;
			files = (
				1E92F5581A1FA59900AD0267 /* OpenGL.framework in Frameworks */,
				1E92F5591A1FA59900AD0267 /* libopencv_core.dylib in Frameworks */,
				1E92F55A1A1FA59900AD0267 /* libopencv_imgproc.dylib in Frameworks */,
				1E92F55B1A1FA59900AD0267 /* libopencv_video.dylib in Frameworks */,
				1E92F55C1A1FA59900AD0267 /* libopencv_legacy.dylib in Frameworks */,
			);
			runOnlyForDeploymentPostprocessing = 0;
		};
		ACC122C01A1D02E700EB64B9 /* Frameworks */ = {
			isa = PBXFrameworksBuildPhase;
			buildActionMask = 2147483647;
			files = (
				ACC122C11A1D02E700EB64B9 /* OpenGL.framework in Frameworks */,
				ACC122C21A1D02E700EB64B9 /* libopencv_core.dylib in Frameworks */,
				AC32DB251A1F41A900918802 /* libopencv_imgproc.dylib in Frameworks */,
				AC32DB271A1F427800918802 /* libopencv_video.dylib in Frameworks */,
				ACC122C31A1D02E700EB64B9 /* libopencv_legacy.dylib in Frameworks */,
			);
			runOnlyForDeploymentPostprocessing = 0;
		};
/* End PBXFrameworksBuildPhase section */

/* Begin PBXGroup section */
		1E3F3952179D23C100F32184 /* Headers */ = {
			isa = PBXGroup;
			children = (
				ACADEB4E1A1D0034002031F2 /* ofxsCore.h */,
				ACADEB4F1A1D0034002031F2 /* ofxsImageEffect.h */,
				ACADEB501A1D0034002031F2 /* ofxsInteract.h */,
				ACADEB511A1D0034002031F2 /* ofxsLog.h */,
				ACADEB521A1D0034002031F2 /* ofxsMemory.h */,
				ACADEB531A1D0034002031F2 /* ofxsMessage.h */,
				ACADEB541A1D0034002031F2 /* ofxsMultiThread.h */,
				ACADEB551A1D0034002031F2 /* ofxsParam.h */,
				ACADEB371A1D0020002031F2 /* nuke */,
				ACADEB3B1A1D0020002031F2 /* ofxCore.h */,
				ACADEB3C1A1D0020002031F2 /* ofxDialog.h */,
				ACADEB3D1A1D0020002031F2 /* ofxImageEffect.h */,
				ACADEB3E1A1D0020002031F2 /* ofxInteract.h */,
				ACADEB3F1A1D0020002031F2 /* ofxKeySyms.h */,
				ACADEB401A1D0020002031F2 /* ofxMemory.h */,
				ACADEB411A1D0020002031F2 /* ofxMessage.h */,
				ACADEB421A1D0020002031F2 /* ofxMultiThread.h */,
				ACADEB431A1D0020002031F2 /* ofxNatron.h */,
				ACADEB441A1D0020002031F2 /* ofxOpenGLRender.h */,
				ACADEB451A1D0020002031F2 /* ofxParam.h */,
				ACADEB461A1D0020002031F2 /* ofxParametricParam.h */,
				ACADEB471A1D0020002031F2 /* ofxPixels.h */,
				ACADEB481A1D0020002031F2 /* ofxProgress.h */,
				ACADEB491A1D0020002031F2 /* ofxProperty.h */,
				ACADEB4A1A1D0020002031F2 /* ofxSonyVegas.h */,
				ACADEB4B1A1D0020002031F2 /* ofxTimeLine.h */,
				ACADEB4C1A1D0020002031F2 /* tuttle */,
			);
			name = Headers;
			path = ../openfx/include;
			sourceTree = "<group>";
		};
		1E551EB817994D4000A4135C = {
			isa = PBXGroup;
			children = (
				ACC122D41A1D044900EB64B9 /* SupportExt */,
				1E3F3952179D23C100F32184 /* Headers */,
				1E551ED217994DEF00A4135C /* Sources */,
				1E551EDA17994E8100A4135C /* Frameworks */,
				1E551EC217994D4000A4135C /* Products */,
			);
			sourceTree = "<group>";
		};
		1E551EC217994D4000A4135C /* Products */ = {
			isa = PBXGroup;
			children = (
				ACC122C91A1D02E700EB64B9 /* VectorGenerator.ofx.bundle */,
				1E92F5611A1FA59900AD0267 /* OpenCV.ofx.bundle */,
			);
			name = Products;
			sourceTree = "<group>";
		};
		1E551ED217994DEF00A4135C /* Sources */ = {
			isa = PBXGroup;
			children = (
				ACC122B71A1D028D00EB64B9 /* VectorGenerator */,
				ACADEB5F1A1D0050002031F2 /* CVSupport */,
				ACADEB561A1D0045002031F2 /* ofxsCore.cpp */,
				ACADEB571A1D0045002031F2 /* ofxsImageEffect.cpp */,
				ACADEB581A1D0045002031F2 /* ofxsInteract.cpp */,
				ACADEB591A1D0045002031F2 /* ofxsLog.cpp */,
				ACADEB5A1A1D0045002031F2 /* ofxsMultiThread.cpp */,
				ACADEB5B1A1D0045002031F2 /* ofxsParams.cpp */,
				ACADEB5C1A1D0045002031F2 /* ofxsProperty.cpp */,
				ACADEB5D1A1D0045002031F2 /* ofxsPropertyValidation.cpp */,
				ACADEB5E1A1D0045002031F2 /* ofxsSupportPrivate.h */,
			);
			name = Sources;
			sourceTree = "<group>";
		};
		1E551EDA17994E8100A4135C /* Frameworks */ = {
			isa = PBXGroup;
			children = (
				AC32DB261A1F427800918802 /* libopencv_video.dylib */,
				AC32DB231A1F419000918802 /* libopencv_objdetect.dylib */,
				1E46936317C747E80073A6EF /* libopencv_photo.dylib */,
				1E46935F17C7478C0073A6EF /* libopencv_imgproc.dylib */,
				1E46935C17C7471D0073A6EF /* libopencv_legacy.dylib */,
				1E46935917C746E20073A6EF /* libopencv_core.dylib */,
				1E551F5A179950EC00A4135C /* OpenGL.framework */,
			);
			name = Frameworks;
			sourceTree = "<group>";
		};
		ACADEB371A1D0020002031F2 /* nuke */ = {
			isa = PBXGroup;
			children = (
				ACADEB381A1D0020002031F2 /* camera.h */,
				ACADEB391A1D0020002031F2 /* fnOfxExtensions.h */,
				ACADEB3A1A1D0020002031F2 /* fnPublicOfxExtensions.h */,
			);
			name = nuke;
			path = openfx/include/nuke;
			sourceTree = SOURCE_ROOT;
		};
		ACADEB4C1A1D0020002031F2 /* tuttle */ = {
			isa = PBXGroup;
			children = (
				ACADEB4D1A1D0020002031F2 /* ofxReadWrite.h */,
			);
			name = tuttle;
			path = openfx/include/tuttle;
			sourceTree = SOURCE_ROOT;
		};
		ACADEB5F1A1D0050002031F2 /* CVSupport */ = {
			isa = PBXGroup;
			children = (
				ACAD404B1A1E5885002EB36F /* PluginRegistrationCombined.cpp */,
				ACADEB601A1D0050002031F2 /* GenericOpenCVPlugin.cpp */,
				ACADEB611A1D0050002031F2 /* GenericOpenCVPlugin.h */,
			);
			name = CVSupport;
			path = OpenCV;
			sourceTree = "<group>";
		};
		ACC122B71A1D028D00EB64B9 /* VectorGenerator */ = {
			isa = PBXGroup;
			children = (
				ACC122BA1A1D028D00EB64B9 /* VectorGenerator.cpp */,
				ACC122BB1A1D028D00EB64B9 /* VectorGenerator.h */,
				ACAD404C1A1E58C8002EB36F /* PluginRegistration.cpp */,
				ACC122B81A1D028D00EB64B9 /* Info.plist */,
				ACC122B91A1D028D00EB64B9 /* Makefile */,
			);
			path = VectorGenerator;
			sourceTree = "<group>";
		};
		ACC122D41A1D044900EB64B9 /* SupportExt */ = {
			isa = PBXGroup;
			children = (
				ACC122D61A1D044900EB64B9 /* ofxsCopier.h */,
				ACC122D71A1D044900EB64B9 /* ofxsFilter.h */,
				ACC122D81A1D044900EB64B9 /* ofxsFormatResolution.h */,
				ACC122D91A1D044900EB64B9 /* ofxsGenerator.h */,
				ACC122DA1A1D044900EB64B9 /* ofxsImageBlenderMasked.h */,
				ACAD40351A1E3D57002EB36F /* ofxsLut.cpp */,
				ACAD40361A1E3D57002EB36F /* ofxsLut.h */,
				ACC122DB1A1D044900EB64B9 /* ofxsMacros.h */,
				ACC122DC1A1D044900EB64B9 /* ofxsMaskMix.h */,
				ACC122DD1A1D044900EB64B9 /* ofxsMatrix2D.h */,
				ACC122DE1A1D044900EB64B9 /* ofxsMerging.h */,
				ACC122DF1A1D044900EB64B9 /* ofxsMipmap.cpp */,
				ACC122E01A1D044900EB64B9 /* ofxsMipmap.h */,
				ACC122E11A1D044900EB64B9 /* ofxsOGLFontData.cpp */,
				ACC122E21A1D044900EB64B9 /* ofxsOGLFontUtils.h */,
				ACC122E31A1D044900EB64B9 /* ofxsOGLTextRenderer.cpp */,
				ACC122E41A1D044900EB64B9 /* ofxsOGLTextRenderer.h */,
				ACC122E51A1D044900EB64B9 /* ofxsPixelProcessor.h */,
				ACC122E61A1D044900EB64B9 /* ofxsPositionInteract.h */,
				ACC122E71A1D044900EB64B9 /* ofxsRectangleInteract.cpp */,
				ACC122E81A1D044900EB64B9 /* ofxsRectangleInteract.h */,
				ACC122E91A1D044900EB64B9 /* ofxsTracking.cpp */,
				ACC122EA1A1D044900EB64B9 /* ofxsTracking.h */,
				ACC122EB1A1D044900EB64B9 /* ofxsTransform3x3.cpp */,
				ACC122EC1A1D044900EB64B9 /* ofxsTransform3x3.h */,
				ACC122ED1A1D044900EB64B9 /* ofxsTransform3x3Processor.h */,
				ACC122EE1A1D044900EB64B9 /* README.md */,
			);
			path = SupportExt;
			sourceTree = "<group>";
		};
/* End PBXGroup section */

/* Begin PBXNativeTarget section */
		1E92F5481A1FA59900AD0267 /* OpenCV.ofx */ = {
			isa = PBXNativeTarget;
			buildConfigurationList = 1E92F55E1A1FA59900AD0267 /* Build configuration list for PBXNativeTarget "OpenCV.ofx" */;
			buildPhases = (
				1E92F5491A1FA59900AD0267 /* Sources */,
				1E92F5571A1FA59900AD0267 /* Frameworks */,
				1E92F55D1A1FA59900AD0267 /* Resources */,
			);
			buildRules = (
			);
			dependencies = (
			);
			name = OpenCV.ofx;
			productName = custom.ofx;
			productReference = 1E92F5611A1FA59900AD0267 /* OpenCV.ofx.bundle */;
			productType = "com.apple.product-type.bundle";
		};
		ACC122BC1A1D02E700EB64B9 /* VectorGenerator.ofx */ = {
			isa = PBXNativeTarget;
			buildConfigurationList = ACC122C61A1D02E700EB64B9 /* Build configuration list for PBXNativeTarget "VectorGenerator.ofx" */;
			buildPhases = (
				ACC122BD1A1D02E700EB64B9 /* Sources */,
				ACC122C01A1D02E700EB64B9 /* Frameworks */,
				ACC122C51A1D02E700EB64B9 /* Resources */,
			);
			buildRules = (
			);
			dependencies = (
			);
			name = VectorGenerator.ofx;
			productName = custom.ofx;
			productReference = ACC122C91A1D02E700EB64B9 /* VectorGenerator.ofx.bundle */;
			productType = "com.apple.product-type.bundle";
		};
/* End PBXNativeTarget section */

/* Begin PBXProject section */
		1E551EB917994D4000A4135C /* Project object */ = {
			isa = PBXProject;
			attributes = {
				LastUpgradeCheck = 0460;
				ORGANIZATIONNAME = OpenFX;
			};
			buildConfigurationList = 1E551EBC17994D4000A4135C /* Build configuration list for PBXProject "OpenCV" */;
			compatibilityVersion = "Xcode 3.2";
			developmentRegion = English;
			hasScannedForEncodings = 0;
			knownRegions = (
				en,
			);
			mainGroup = 1E551EB817994D4000A4135C;
			productRefGroup = 1E551EC217994D4000A4135C /* Products */;
			projectDirPath = "";
			projectRoot = "";
			targets = (
				1E551F461799509100A4135C /* all */,
				1E92F5671A1FA95F00AD0267 /* all (no multibundle) */,
				ACC122BC1A1D02E700EB64B9 /* VectorGenerator.ofx */,
				1E92F5481A1FA59900AD0267 /* OpenCV.ofx */,
			);
		};
/* End PBXProject section */

/* Begin PBXResourcesBuildPhase section */
		1E92F55D1A1FA59900AD0267 /* Resources */ = {
			isa = PBXResourcesBuildPhase;
			buildActionMask = 2147483647;
			files = (
			);
			runOnlyForDeploymentPostprocessing = 0;
		};
		ACC122C51A1D02E700EB64B9 /* Resources */ = {
			isa = PBXResourcesBuildPhase;
			buildActionMask = 2147483647;
			files = (
			);
			runOnlyForDeploymentPostprocessing = 0;
		};
/* End PBXResourcesBuildPhase section */

/* Begin PBXSourcesBuildPhase section */
		1E92F5491A1FA59900AD0267 /* Sources */ = {
			isa = PBXSourcesBuildPhase;
			buildActionMask = 2147483647;
			files = (
				1E92F54A1A1FA59900AD0267 /* VectorGenerator.cpp in Sources */,
				1E92F5621A1FA8B600AD0267 /* PluginRegistrationCombined.cpp in Sources */,
				1E92F54B1A1FA59900AD0267 /* GenericOpenCVPlugin.cpp in Sources */,
				1E92F54C1A1FA59900AD0267 /* ofxsLut.cpp in Sources */,
				1E92F54D1A1FA59900AD0267 /* ofxsLog.cpp in Sources */,
				1E92F54E1A1FA59900AD0267 /* ofxsImageEffect.cpp in Sources */,
				1E92F54F1A1FA59900AD0267 /* ofxsProperty.cpp in Sources */,
				1E92F5501A1FA59900AD0267 /* ofxsMultiThread.cpp in Sources */,
				1E92F5511A1FA59900AD0267 /* ofxsPropertyValidation.cpp in Sources */,
				1E92F5521A1FA59900AD0267 /* ofxsParams.cpp in Sources */,
				1E92F5531A1FA59900AD0267 /* ofxsSupportPrivate.h in Sources */,
				1E92F5551A1FA59900AD0267 /* ofxsInteract.cpp in Sources */,
				1E92F5561A1FA59900AD0267 /* ofxsCore.cpp in Sources */,
			);
			runOnlyForDeploymentPostprocessing = 0;
		};
		ACC122BD1A1D02E700EB64B9 /* Sources */ = {
			isa = PBXSourcesBuildPhase;
			buildActionMask = 2147483647;
			files = (
				ACC122CA1A1D02FD00EB64B9 /* VectorGenerator.cpp in Sources */,
				ACC122CB1A1D030400EB64B9 /* GenericOpenCVPlugin.cpp in Sources */,
				ACAD40371A1E3D63002EB36F /* ofxsLut.cpp in Sources */,
				ACC122CF1A1D030F00EB64B9 /* ofxsLog.cpp in Sources */,
				ACC122CD1A1D030B00EB64B9 /* ofxsImageEffect.cpp in Sources */,
				ACC122D21A1D031700EB64B9 /* ofxsProperty.cpp in Sources */,
				ACC122D01A1D031400EB64B9 /* ofxsMultiThread.cpp in Sources */,
				ACC122D31A1D031800EB64B9 /* ofxsPropertyValidation.cpp in Sources */,
				ACC122D11A1D031500EB64B9 /* ofxsParams.cpp in Sources */,
				ACAD404A1A1E583E002EB36F /* ofxsSupportPrivate.h in Sources */,
				ACAD404E1A1E58FD002EB36F /* PluginRegistration.cpp in Sources */,
				ACC122CE1A1D030D00EB64B9 /* ofxsInteract.cpp in Sources */,
				ACC122CC1A1D030900EB64B9 /* ofxsCore.cpp in Sources */,
			);
			runOnlyForDeploymentPostprocessing = 0;
		};
/* End PBXSourcesBuildPhase section */

/* Begin PBXTargetDependency section */
		1E92F5661A1FA91700AD0267 /* PBXTargetDependency */ = {
			isa = PBXTargetDependency;
			target = 1E92F5481A1FA59900AD0267 /* OpenCV.ofx */;
			targetProxy = 1E92F5651A1FA91700AD0267 /* PBXContainerItemProxy */;
		};
		1E92F56E1A1FA97D00AD0267 /* PBXTargetDependency */ = {
			isa = PBXTargetDependency;
			target = ACC122BC1A1D02E700EB64B9 /* VectorGenerator.ofx */;
			targetProxy = 1E92F56D1A1FA97D00AD0267 /* PBXContainerItemProxy */;
		};
/* End PBXTargetDependency section */

/* Begin XCBuildConfiguration section */
		1E551ECD17994D4000A4135C /* Debug */ = {
			isa = XCBuildConfiguration;
			buildSettings = {
				ALWAYS_SEARCH_USER_PATHS = NO;
				ARCHS = "$(NATIVE_ARCH_ACTUAL)";
				CLANG_WARN_CONSTANT_CONVERSION = YES;
				CLANG_WARN_EMPTY_BODY = YES;
				CLANG_WARN_ENUM_CONVERSION = YES;
				CLANG_WARN_INT_CONVERSION = YES;
				CLANG_WARN__DUPLICATE_METHOD_MATCH = YES;
				COPY_PHASE_STRIP = NO;
				GCC_DYNAMIC_NO_PIC = NO;
				GCC_OPTIMIZATION_LEVEL = 0;
				GCC_PREPROCESSOR_DEFINITIONS = (
					"DEBUG=1",
					"$(inherited)",
				);
				GCC_SYMBOLS_PRIVATE_EXTERN = NO;
				GCC_WARN_64_TO_32_BIT_CONVERSION = YES;
				GCC_WARN_ABOUT_RETURN_TYPE = YES;
				GCC_WARN_UNINITIALIZED_AUTOS = YES;
				GCC_WARN_UNUSED_VARIABLE = YES;
				HEADER_SEARCH_PATHS = (
					"$(OFX_PATH)/include",
					"$(OFX_PATH)/Support/Plugins/include",
					"$(OFX_PATH)/Support/include",
					SupportExt,
					"$(OPENCV_PATH)/include",
					"$(OPENCV_PATH)/include/opencv",
				);
				LD_RUNPATH_SEARCH_PATHS = "@loader_path/../Frameworks @loader_path/../Libraries";
				LIBRARY_SEARCH_PATHS = "$(OPENCV_PATH)/lib";
				OFX_PATH = openfx;
				ONLY_ACTIVE_ARCH = YES;
			};
			name = Debug;
		};
		1E551ECE17994D4000A4135C /* Release */ = {
			isa = XCBuildConfiguration;
			buildSettings = {
				ALWAYS_SEARCH_USER_PATHS = NO;
				ARCHS = "$(NATIVE_ARCH_ACTUAL)";
				CLANG_WARN_CONSTANT_CONVERSION = YES;
				CLANG_WARN_EMPTY_BODY = YES;
				CLANG_WARN_ENUM_CONVERSION = YES;
				CLANG_WARN_INT_CONVERSION = YES;
				CLANG_WARN__DUPLICATE_METHOD_MATCH = YES;
				COPY_PHASE_STRIP = YES;
				DEBUG_INFORMATION_FORMAT = "dwarf-with-dsym";
				GCC_PREPROCESSOR_DEFINITIONS = (
					"NDEBUG=1",
					"$(inherited)",
				);
				GCC_WARN_64_TO_32_BIT_CONVERSION = YES;
				GCC_WARN_ABOUT_RETURN_TYPE = YES;
				GCC_WARN_UNINITIALIZED_AUTOS = YES;
				GCC_WARN_UNUSED_VARIABLE = YES;
				HEADER_SEARCH_PATHS = (
					"$(OFX_PATH)/include",
					"$(OFX_PATH)/Support/Plugins/include",
					"$(OFX_PATH)/Support/include",
					SupportExt,
					"$(OPENCV_PATH)/include",
					"$(OPENCV_PATH)/include/opencv",
				);
				LD_RUNPATH_SEARCH_PATHS = "@loader_path/../Frameworks @loader_path/../Libraries";
				LIBRARY_SEARCH_PATHS = "$(OPENCV_PATH)/lib";
				OFX_PATH = openfx;
			};
			name = Release;
		};
		1E551F481799509100A4135C /* Debug */ = {
			isa = XCBuildConfiguration;
			buildSettings = {
				PRODUCT_NAME = "$(TARGET_NAME)";
			};
			name = Debug;
		};
		1E551F491799509100A4135C /* Release */ = {
			isa = XCBuildConfiguration;
			buildSettings = {
				PRODUCT_NAME = "$(TARGET_NAME)";
			};
			name = Release;
		};
		1E92F55F1A1FA59900AD0267 /* Debug */ = {
			isa = XCBuildConfiguration;
			buildSettings = {
				EXPORTED_SYMBOLS_FILE = "$(OFX_PATH)/Support/include/osxSymbols";
				HEADER_SEARCH_PATHS = (
					"$(OFX_PATH)/include",
					"$(OPENCV_PATH)/include",
					"$(OPENCV_PATH)/include/opencv",
					CVSupport,
					SupportExt,
				);
				INSTALL_PATH = "$(LOCAL_LIBRARY_DIR)/OFX/Plugins/$(PROJECT_NAME)";
				LIBRARY_SEARCH_PATHS = (
					"$(inherited)",
					"$(OPENCV_PATH)/lib",
				);
				PRODUCT_NAME = OpenCV.ofx;
				WRAPPER_EXTENSION = bundle;
			};
			name = Debug;
		};
		1E92F5601A1FA59900AD0267 /* Release */ = {
			isa = XCBuildConfiguration;
			buildSettings = {
				EXPORTED_SYMBOLS_FILE = "$(OFX_PATH)/Support/include/osxSymbols";
				HEADER_SEARCH_PATHS = (
					"$(OFX_PATH)/include",
					"$(OPENCV_PATH)/include",
					"$(OPENCV_PATH)/include/opencv",
					CVSupport,
					SupportExt,
				);
				INSTALL_PATH = "$(LOCAL_LIBRARY_DIR)/OFX/Plugins/$(PROJECT_NAME)";
				LIBRARY_SEARCH_PATHS = (
					"$(inherited)",
					"$(OPENCV_PATH)/lib",
				);
				PRODUCT_NAME = OpenCV.ofx;
				WRAPPER_EXTENSION = bundle;
			};
			name = Release;
		};
		1E92F56B1A1FA95F00AD0267 /* Debug */ = {
			isa = XCBuildConfiguration;
			buildSettings = {
				PRODUCT_NAME = "all copy";
			};
			name = Debug;
		};
		1E92F56C1A1FA95F00AD0267 /* Release */ = {
			isa = XCBuildConfiguration;
			buildSettings = {
				PRODUCT_NAME = "all copy";
			};
			name = Release;
		};
		ACC122C71A1D02E700EB64B9 /* Debug */ = {
			isa = XCBuildConfiguration;
			buildSettings = {
				EXPORTED_SYMBOLS_FILE = "$(OFX_PATH)/Support/include/osxSymbols";
				HEADER_SEARCH_PATHS = (
					"$(OFX_PATH)/include",
					"$(OPENCV_PATH)/include",
					"$(OPENCV_PATH)/include/opencv",
					CVSupport,
					SupportExt,
				);
				INSTALL_PATH = "$(LOCAL_LIBRARY_DIR)/OFX/Plugins/$(PROJECT_NAME)";
				LIBRARY_SEARCH_PATHS = (
					"$(inherited)",
					"$(OPENCV_PATH)/lib",
				);
				PRODUCT_NAME = VectorGenerator.ofx;
				WRAPPER_EXTENSION = bundle;
			};
			name = Debug;
		};
		ACC122C81A1D02E700EB64B9 /* Release */ = {
			isa = XCBuildConfiguration;
			buildSettings = {
				EXPORTED_SYMBOLS_FILE = "$(OFX_PATH)/Support/include/osxSymbols";
				HEADER_SEARCH_PATHS = (
					"$(OFX_PATH)/include",
					"$(OPENCV_PATH)/include",
					"$(OPENCV_PATH)/include/opencv",
					CVSupport,
					SupportExt,
				);
				INSTALL_PATH = "$(LOCAL_LIBRARY_DIR)/OFX/Plugins/$(PROJECT_NAME)";
				LIBRARY_SEARCH_PATHS = (
					"$(inherited)",
					"$(OPENCV_PATH)/lib",
				);
				PRODUCT_NAME = VectorGenerator.ofx;
				WRAPPER_EXTENSION = bundle;
			};
			name = Release;
		};
/* End XCBuildConfiguration section */

/* Begin XCConfigurationList section */
		1E551EBC17994D4000A4135C /* Build configuration list for PBXProject "OpenCV" */ = {
			isa = XCConfigurationList;
			buildConfigurations = (
				1E551ECD17994D4000A4135C /* Debug */,
				1E551ECE17994D4000A4135C /* Release */,
			);
			defaultConfigurationIsVisible = 0;
			defaultConfigurationName = Release;
		};
		1E551F471799509100A4135C /* Build configuration list for PBXAggregateTarget "all" */ = {
			isa = XCConfigurationList;
			buildConfigurations = (
				1E551F481799509100A4135C /* Debug */,
				1E551F491799509100A4135C /* Release */,
			);
			defaultConfigurationIsVisible = 0;
			defaultConfigurationName = Release;
		};
		1E92F55E1A1FA59900AD0267 /* Build configuration list for PBXNativeTarget "OpenCV.ofx" */ = {
			isa = XCConfigurationList;
			buildConfigurations = (
				1E92F55F1A1FA59900AD0267 /* Debug */,
				1E92F5601A1FA59900AD0267 /* Release */,
			);
			defaultConfigurationIsVisible = 0;
			defaultConfigurationName = Release;
		};
		1E92F56A1A1FA95F00AD0267 /* Build configuration list for PBXAggregateTarget "all (no multibundle)" */ = {
			isa = XCConfigurationList;
			buildConfigurations = (
				1E92F56B1A1FA95F00AD0267 /* Debug */,
				1E92F56C1A1FA95F00AD0267 /* Release */,
			);
			defaultConfigurationIsVisible = 0;
			defaultConfigurationName = Release;
		};
		ACC122C61A1D02E700EB64B9 /* Build configuration list for PBXNativeTarget "VectorGenerator.ofx" */ = {
			isa = XCConfigurationList;
			buildConfigurations = (
				ACC122C71A1D02E700EB64B9 /* Debug */,
				ACC122C81A1D02E700EB64B9 /* Release */,
			);
			defaultConfigurationIsVisible = 0;
			defaultConfigurationName = Release;
		};
/* End XCConfigurationList section */
	};
	rootObject = 1E551EB917994D4000A4135C /* Project object */;
}
